
Microsoft Visual Studio Solution File, Format Version 12.00
# Visual Studio Version 17
VisualStudioVersion = 17.5.33627.172
MinimumVisualStudioVersion = 10.0.40219.1
Project("{FAE04EC0-301F-11D3-BF4B-00C04F79EFBC}") = "QuanLyNhaSach", "QuanLyNhaSach\QuanLyNhaSach.csproj", "{AF28B955-4C94-4A2D-9E78-275D84576392}"
EndProject
Global
	GlobalSection(SolutionConfigurationPlatforms) = preSolution
		Debug|Any CPU = Debug|Any CPU
		Release|Any CPU = Release|Any CPU
	EndGlobalSection
	GlobalSection(ProjectConfigurationPlatforms) = postSolution
		{AF28B955-4C94-4A2D-9E78-275D84576392}.Debug|Any CPU.ActiveCfg = Debug|Any CPU
		{AF28B955-4C94-4A2D-9E78-275D84576392}.Debug|Any CPU.Build.0 = Debug|Any CPU
		{AF28B955-4C94-4A2D-9E78-275D84576392}.Release|Any CPU.ActiveCfg = Release|Any CPU
		{AF28B955-4C94-4A2D-9E78-275D84576392}.Release|Any CPU.Build.0 = Release|Any CPU
	EndGlobalSection
	GlobalSection(SolutionProperties) = preSolution
		HideSolutionNode = FALSE
	EndGlobalSection
	GlobalSection(ExtensibilityGlobals) = postSolution
		SolutionGuid = {8821A315-F93D-4260-AB7C-20026A8E71D8}
	EndGlobalSection
EndGlobal
